<?xml version="1.0" encoding="utf-8"?>
<Project ToolsVersion="4.0" xmlns="http://schemas.microsoft.com/developer/msbuild/2003">
  <ItemGroup>
    <Filter Include="源文件">
      <UniqueIdentifier>{4FC737F1-C7A5-4376-A066-2A32D752A2FF}</UniqueIdentifier>
      <Extensions>cpp;c;cc;cxx;def;odl;idl;hpj;bat;asm;asmx</Extensions>
    </Filter>
    <Filter Include="头文件">
      <UniqueIdentifier>{93995380-89BD-4b04-88EB-625FBE52EBFB}</UniqueIdentifier>
      <Extensions>h;hh;hpp;hxx;hm;inl;inc;xsd</Extensions>
    </Filter>
    <Filter Include="资源文件">
      <UniqueIdentifier>{67DA6AB6-F800-4c08-8B7A-83BB121AAD01}</UniqueIdentifier>
      <Extensions>rc;ico;cur;bmp;dlg;rc2;rct;bin;rgs;gif;jpg;jpeg;jpe;resx;tiff;tif;png;wav;mfcribbon-ms</Extensions>
    </Filter>
    <Filter Include="源文件\Unit1-2">
      <UniqueIdentifier>{c8d4b2f9-010a-45fb-a51f-bd39e7f426f8}</UniqueIdentifier>
    </Filter>
    <Filter Include="源文件\Unit3">
      <UniqueIdentifier>{1d8f3bdd-9886-44a8-b862-c28d9c0425f0}</UniqueIdentifier>
    </Filter>
    <Filter Include="源文件\Unit3\Stack">
      <UniqueIdentifier>{0e7d9191-e38c-45eb-a619-06fc59c68083}</UniqueIdentifier>
    </Filter>
    <Filter Include="源文件\Unit3\Queue">
      <UniqueIdentifier>{330ec532-9ed7-44b3-9926-710cd1f14bcc}</UniqueIdentifier>
    </Filter>
    <Filter Include="源文件\Unit3\Linkedlist">
      <UniqueIdentifier>{48122326-ce41-4f0a-ad60-5458f818cafc}</UniqueIdentifier>
    </Filter>
    <Filter Include="源文件\Unit4">
      <UniqueIdentifier>{58575825-0e8f-408b-a8e0-c8d596ad2035}</UniqueIdentifier>
    </Filter>
    <Filter Include="源文件\Unit4\AVLTree">
      <UniqueIdentifier>{610fadb5-8341-425e-8d7f-20d0f575bdd8}</UniqueIdentifier>
    </Filter>
    <Filter Include="源文件\Unit4\GeneralTree">
      <UniqueIdentifier>{2c107aec-426f-42a3-ba2e-86fed9227b09}</UniqueIdentifier>
    </Filter>
    <Filter Include="源文件\Unit1-2\Sort">
      <UniqueIdentifier>{6801ff4b-7b17-434c-ba35-73e283d93023}</UniqueIdentifier>
    </Filter>
    <Filter Include="源文件\Unit5">
      <UniqueIdentifier>{5c87b23b-9f5b-4ad4-96fd-fe73f915c99b}</UniqueIdentifier>
    </Filter>
    <Filter Include="源文件\Unit5\HashTable">
      <UniqueIdentifier>{38cf17c9-4101-4254-987a-af70c8d4df84}</UniqueIdentifier>
    </Filter>
    <Filter Include="源文件\Unit5\HashTable\Separate_chaining">
      <UniqueIdentifier>{53056f9a-17b2-4ebc-8530-3353e9bb5ad8}</UniqueIdentifier>
    </Filter>
    <Filter Include="源文件\Unit5\HashTable\Open_Addressing">
      <UniqueIdentifier>{dabbcb0f-41fb-48ad-8c10-de08aadad684}</UniqueIdentifier>
    </Filter>
    <Filter Include="源文件\Unit6">
      <UniqueIdentifier>{418f6177-1c75-4660-a89f-663a5298346d}</UniqueIdentifier>
    </Filter>
  </ItemGroup>
  <ItemGroup>
    <ClCompile Include="rotate_linkedlist.cpp">
      <Filter>源文件\Unit3\Linkedlist</Filter>
    </ClCompile>
    <ClCompile Include="postfix_calc_and_in_to_post.cpp">
      <Filter>源文件\Unit3\Stack</Filter>
    </ClCompile>
    <ClCompile Include="DdLinkedlist.cpp">
      <Filter>源文件\Unit3\Linkedlist</Filter>
    </ClCompile>
    <ClCompile Include="2.4.3(1)min sequence sum.cpp">
      <Filter>源文件\Unit1-2</Filter>
    </ClCompile>
    <ClCompile Include="2.4.3max sequence sum.cpp">
      <Filter>源文件\Unit1-2</Filter>
    </ClCompile>
    <ClCompile Include="2.4.4Euclid_algo__power_algo.cpp">
      <Filter>源文件\Unit1-2</Filter>
    </ClCompile>
    <ClCompile Include="Ex2.7.cpp">
      <Filter>源文件\Unit1-2</Filter>
    </ClCompile>
    <ClCompile Include="Ex2.10.cpp">
      <Filter>源文件\Unit1-2</Filter>
    </ClCompile>
    <ClCompile Include="Ex2.19.cpp">
      <Filter>源文件\Unit1-2</Filter>
    </ClCompile>
    <ClCompile Include="textbook1.2.cpp">
      <Filter>源文件\Unit1-2</Filter>
    </ClCompile>
    <ClCompile Include="AVLTree.cpp">
      <Filter>源文件\Unit4\AVLTree</Filter>
    </ClCompile>
    <ClCompile Include="AVLTree_Rotation.cpp">
      <Filter>源文件\Unit4\AVLTree</Filter>
    </ClCompile>
    <ClCompile Include="some_good_method.cpp">
      <Filter>源文件\Unit4\GeneralTree</Filter>
    </ClCompile>
    <ClCompile Include="4.2.2expression_tree.cpp">
      <Filter>源文件\Unit4\GeneralTree</Filter>
    </ClCompile>
    <ClCompile Include="bubble_sort.cpp">
      <Filter>源文件\Unit1-2\Sort</Filter>
    </ClCompile>
    <ClCompile Include="bucket_sort_radix_sort.cpp">
      <Filter>源文件\Unit1-2\Sort</Filter>
    </ClCompile>
    <ClCompile Include="insertion_sort.cpp">
      <Filter>源文件\Unit1-2\Sort</Filter>
    </ClCompile>
    <ClCompile Include="merge_sort.cpp">
      <Filter>源文件\Unit1-2\Sort</Filter>
    </ClCompile>
    <ClCompile Include="quick_sort%28Bina_sear%29.cpp">
      <Filter>源文件\Unit1-2\Sort</Filter>
    </ClCompile>
    <ClCompile Include="selection_sort.cpp">
      <Filter>源文件\Unit1-2\Sort</Filter>
    </ClCompile>
    <ClCompile Include="Splay_Tree.cpp">
      <Filter>源文件\Unit4</Filter>
    </ClCompile>
    <ClCompile Include="Separate_chaining%28root%29.cpp">
      <Filter>源文件\Unit5\HashTable\Separate_chaining</Filter>
    </ClCompile>
    <ClCompile Include="Separate_chaining%28no root%29cpp.cpp">
      <Filter>源文件\Unit5\HashTable\Separate_chaining</Filter>
    </ClCompile>
    <ClCompile Include="Open_Addressing.cpp">
      <Filter>源文件\Unit5\HashTable\Open_Addressing</Filter>
    </ClCompile>
    <ClCompile Include="Binary_Heap.cpp">
      <Filter>源文件\Unit6</Filter>
    </ClCompile>
    <ClCompile Include="6.4.1Find third max.cpp">
      <Filter>源文件\Unit6</Filter>
    </ClCompile>
  </ItemGroup>
  <ItemGroup>
    <ClInclude Include="DdLinkedlist.h">
      <Filter>源文件\Unit3\Linkedlist</Filter>
    </ClInclude>
    <ClInclude Include="AVLTree.h">
      <Filter>源文件\Unit4\AVLTree</Filter>
    </ClInclude>
  </ItemGroup>
</Project>